
Microsoft Visual Studio Solution File, Format Version 12.00
# Visual Studio Version 17
VisualStudioVersion = 17.6.33723.286
MinimumVisualStudioVersion = 10.0.40219.1
Project("{9A19103F-16F7-4668-BE54-9A1E7A4F7556}") = "ObjectivePaths", "ObjectivePaths\ObjectivePaths.csproj", "{4E0F3332-B8CF-42CC-97EE-DC1BBB16DAB8}"
EndProject
Project("{FAE04EC0-301F-11D3-BF4B-00C04F79EFBC}") = "Demo", "Demo\Demo.csproj", "{109F36F8-31B8-4102-BDEF-9DD21A3C68EB}"
EndProject
Global
	GlobalSection(SolutionConfigurationPlatforms) = preSolution
		Debug|Any CPU = Debug|Any CPU
		Release|Any CPU = Release|Any CPU
	EndGlobalSection
	GlobalSection(ProjectConfigurationPlatforms) = postSolution
		{4E0F3332-B8CF-42CC-97EE-DC1BBB16DAB8}.Debug|Any CPU.ActiveCfg = Debug|Any CPU
		{4E0F3332-B8CF-42CC-97EE-DC1BBB16DAB8}.Debug|Any CPU.Build.0 = Debug|Any CPU
		{4E0F3332-B8CF-42CC-97EE-DC1BBB16DAB8}.Release|Any CPU.ActiveCfg = Release|Any CPU
		{4E0F3332-B8CF-42CC-97EE-DC1BBB16DAB8}.Release|Any CPU.Build.0 = Release|Any CPU
		{109F36F8-31B8-4102-BDEF-9DD21A3C68EB}.Debug|Any CPU.ActiveCfg = Debug|Any CPU
		{109F36F8-31B8-4102-BDEF-9DD21A3C68EB}.Debug|Any CPU.Build.0 = Debug|Any CPU
		{109F36F8-31B8-4102-BDEF-9DD21A3C68EB}.Release|Any CPU.ActiveCfg = Release|Any CPU
		{109F36F8-31B8-4102-BDEF-9DD21A3C68EB}.Release|Any CPU.Build.0 = Release|Any CPU
	EndGlobalSection
	GlobalSection(SolutionProperties) = preSolution
		HideSolutionNode = FALSE
	EndGlobalSection
	GlobalSection(ExtensibilityGlobals) = postSolution
		SolutionGuid = {4C48D7A9-D9AF-4281-BA75-3DA3023AA864}
	EndGlobalSection
EndGlobal
